
Microsoft Visual Studio Solution File, Format Version 12.00
# Visual Studio Version 16
VisualStudioVersion = 16.0.31019.35
MinimumVisualStudioVersion = 10.0.40219.1
Project("{FAE04EC0-301F-11D3-BF4B-00C04F79EFBC}") = "OscarBryantGarzaVillarreal-8131559395", "OscarBryantGarzaVillarreal-8131559395\OscarBryantGarzaVillarreal-8131559395.csproj", "{96D3968E-158F-4E61-95BE-319886D13D89}"
EndProject
Global
	GlobalSection(SolutionConfigurationPlatforms) = preSolution
		Debug|Any CPU = Debug|Any CPU
		Release|Any CPU = Release|Any CPU
	EndGlobalSection
	GlobalSection(ProjectConfigurationPlatforms) = postSolution
		{96D3968E-158F-4E61-95BE-319886D13D89}.Debug|Any CPU.ActiveCfg = Debug|Any CPU
		{96D3968E-158F-4E61-95BE-319886D13D89}.Debug|Any CPU.Build.0 = Debug|Any CPU
		{96D3968E-158F-4E61-95BE-319886D13D89}.Release|Any CPU.ActiveCfg = Release|Any CPU
		{96D3968E-158F-4E61-95BE-319886D13D89}.Release|Any CPU.Build.0 = Release|Any CPU
	EndGlobalSection
	GlobalSection(SolutionProperties) = preSolution
		HideSolutionNode = FALSE
	EndGlobalSection
	GlobalSection(ExtensibilityGlobals) = postSolution
		SolutionGuid = {92C8FECB-B3A4-4464-B293-55943411CB29}
	EndGlobalSection
EndGlobal
